
Microsoft Visual Studio Solution File, Format Version 12.00
# Visual Studio Version 17
VisualStudioVersion = 17.11.35327.3
MinimumVisualStudioVersion = 10.0.40219.1
Project("{FAE04EC0-301F-11D3-BF4B-00C04F79EFBC}") = "GCScript.Enspace", "src\GCScript.Enspace\GCScript.Enspace.csproj", "{0247F6BB-33BE-420E-96BC-8A32E052B02E}"
EndProject
Global
	GlobalSection(SolutionConfigurationPlatforms) = preSolution
		Debug|Any CPU = Debug|Any CPU
		Release|Any CPU = Release|Any CPU
	EndGlobalSection
	GlobalSection(ProjectConfigurationPlatforms) = postSolution
		{0247F6BB-33BE-420E-96BC-8A32E052B02E}.Debug|Any CPU.ActiveCfg = Debug|Any CPU
		{0247F6BB-33BE-420E-96BC-8A32E052B02E}.Debug|Any CPU.Build.0 = Debug|Any CPU
		{0247F6BB-33BE-420E-96BC-8A32E052B02E}.Release|Any CPU.ActiveCfg = Release|Any CPU
		{0247F6BB-33BE-420E-96BC-8A32E052B02E}.Release|Any CPU.Build.0 = Release|Any CPU
	EndGlobalSection
	GlobalSection(SolutionProperties) = preSolution
		HideSolutionNode = FALSE
	EndGlobalSection
	GlobalSection(ExtensibilityGlobals) = postSolution
		SolutionGuid = {5A30070C-58FA-4879-9485-337E7CE5E71F}
	EndGlobalSection
EndGlobal
